
Microsoft Visual Studio Solution File, Format Version 12.00
# Visual Studio 14
VisualStudioVersion = 14.0.25420.1
MinimumVisualStudioVersion = 10.0.40219.1
Project("{2150E333-8FDC-42A3-9474-1A3956D46DE8}") = "src", "src", "{26A892F5-161D-4DB8-A0EE-0EA77F13A51B}"
EndProject
Project("{2150E333-8FDC-42A3-9474-1A3956D46DE8}") = "Solution Items", "Solution Items", "{C6B89381-7671-4DF9-A9E3-6B32092A2F16}"
	ProjectSection(SolutionItems) = preProject
		global.json = global.json
	EndProjectSection
EndProject
Project("{8BB2217D-0F2D-49D1-97BC-3654ED321F3B}") = "CookieHelper", "src\CookieHelper\CookieHelper.xproj", "{C058B5A3-CA44-4DA0-BC77-CB2D1BCF3636}"
EndProject
Global
	GlobalSection(SolutionConfigurationPlatforms) = preSolution
		Debug|Any CPU = Debug|Any CPU
		Release|Any CPU = Release|Any CPU
	EndGlobalSection
	GlobalSection(ProjectConfigurationPlatforms) = postSolution
		{C058B5A3-CA44-4DA0-BC77-CB2D1BCF3636}.Debug|Any CPU.ActiveCfg = Debug|Any CPU
		{C058B5A3-CA44-4DA0-BC77-CB2D1BCF3636}.Debug|Any CPU.Build.0 = Debug|Any CPU
		{C058B5A3-CA44-4DA0-BC77-CB2D1BCF3636}.Release|Any CPU.ActiveCfg = Release|Any CPU
		{C058B5A3-CA44-4DA0-BC77-CB2D1BCF3636}.Release|Any CPU.Build.0 = Release|Any CPU
	EndGlobalSection
	GlobalSection(SolutionProperties) = preSolution
		HideSolutionNode = FALSE
	EndGlobalSection
	GlobalSection(NestedProjects) = preSolution
		{C058B5A3-CA44-4DA0-BC77-CB2D1BCF3636} = {26A892F5-161D-4DB8-A0EE-0EA77F13A51B}
	EndGlobalSection
EndGlobal
